// !$*UTF8*$!
{
	archiveVersion = 1;
	classes = {
	};
	objectVersion = 77;
	objects = {

/* Begin PBXContainerItemProxy section */
		1EBFE0E82DC0045500B2FE0C /* PBXContainerItemProxy */ = {
			isa = PBXContainerItemProxy;
			containerPortal = 1EBFE0D22DC0045300B2FE0C /* Project object */;
			proxyType = 1;
			remoteGlobalIDString = 1EBFE0D92DC0045300B2FE0C;
			remoteInfo = "Ellergic-iOS";
		};
		1EBFE0F22DC0045500B2FE0C /* PBXContainerItemProxy */ = {
			isa = PBXContainerItemProxy;
			containerPortal = 1EBFE0D22DC0045300B2FE0C /* Project object */;
			proxyType = 1;
			remoteGlobalIDString = 1EBFE0D92DC0045300B2FE0C;
			remoteInfo = "Ellergic-iOS";
		};
/* End PBXContainerItemProxy section */

/* Begin PBXFileReference section */
		1EBFE0DA2DC0045300B2FE0C /* Ellergic-iOS.app */ = {isa = PBXFileReference; explicitFileType = wrapper.application; includeInIndex = 0; path = "Ellergic-iOS.app"; sourceTree = BUILT_PRODUCTS_DIR; };
		1EBFE0E72DC0045500B2FE0C /* Ellergic-iOSTests.xctest */ = {isa = PBXFileReference; explicitFileType = wrapper.cfbundle; includeInIndex = 0; path = "Ellergic-iOSTests.xctest"; sourceTree = BUILT_PRODUCTS_DIR; };
		1EBFE0F12DC0045500B2FE0C /* Ellergic-iOSUITests.xctest */ = {isa = PBXFileReference; explicitFileType = wrapper.cfbundle; includeInIndex = 0; path = "Ellergic-iOSUITests.xctest"; sourceTree = BUILT_PRODUCTS_DIR; };
/* End PBXFileReference section */

/* Begin PBXFileSystemSynchronizedBuildFileExceptionSet section */
		1EBFE1342DC95E4600B2FE0C /* Exceptions for "Ellergic-iOS" folder in "Ellergic-iOS" target */ = {
			isa = PBXFileSystemSynchronizedBuildFileExceptionSet;
			membershipExceptions = (
				Info.plist,
			);
			target = 1EBFE0D92DC0045300B2FE0C /* Ellergic-iOS */;
		};
/* End PBXFileSystemSynchronizedBuildFileExceptionSet section */

/* Begin PBXFileSystemSynchronizedRootGroup section */
		1EBFE0DC2DC0045300B2FE0C /* Ellergic-iOS */ = {
			isa = PBXFileSystemSynchronizedRootGroup;
			exceptions = (
				1EBFE1342DC95E4600B2FE0C /* Exceptions for "Ellergic-iOS" folder in "Ellergic-iOS" target */,
			);
			path = "Ellergic-iOS";
			sourceTree = "<group>";
		};
		1EBFE0EA2DC0045500B2FE0C /* Ellergic-iOSTests */ = {
			isa = PBXFileSystemSynchronizedRootGroup;
			path = "Ellergic-iOSTests";
			sourceTree = "<group>";
		};
		1EBFE0F42DC0045500B2FE0C /* Ellergic-iOSUITests */ = {
			isa = PBXFileSystemSynchronizedRootGroup;
			path = "Ellergic-iOSUITests";
			sourceTree = "<group>";
		};
/* End PBXFileSystemSynchronizedRootGroup section */

/* Begin PBXFrameworksBuildPhase section */
		1EBFE0D72DC0045300B2FE0C /* Frameworks */ = {
			isa = PBXFrameworksBuildPhase;
			buildActionMask = 2147483647;
			files = (
			);
			runOnlyForDeploymentPostprocessing = 0;
		};
		1EBFE0E42DC0045500B2FE0C /* Frameworks */ = {
			isa = PBXFrameworksBuildPhase;
			buildActionMask = 2147483647;
			files = (
			);
			runOnlyForDeploymentPostprocessing = 0;
		};
		1EBFE0EE2DC0045500B2FE0C /* Frameworks */ = {
			isa = PBXFrameworksBuildPhase;
			buildActionMask = 2147483647;
			files = (
			);
			runOnlyForDeploymentPostprocessing = 0;
		};
/* End PBXFrameworksBuildPhase section */

/* Begin PBXGroup section */
		1EBFE0D12DC0045300B2FE0C = {
			isa = PBXGroup;
			children = (
				1EBFE0DC2DC0045300B2FE0C /* Ellergic-iOS */,
				1EBFE0EA2DC0045500B2FE0C /* Ellergic-iOSTests */,
				1EBFE0F42DC0045500B2FE0C /* Ellergic-iOSUITests */,
				1EBFE0DB2DC0045300B2FE0C /* Products */,
			);
			sourceTree = "<group>";
		};
		1EBFE0DB2DC0045300B2FE0C /* Products */ = {
			isa = PBXGroup;
			children = (
				1EBFE0DA2DC0045300B2FE0C /* Ellergic-iOS.app */,
				1EBFE0E72DC0045500B2FE0C /* Ellergic-iOSTests.xctest */,
				1EBFE0F12DC0045500B2FE0C /* Ellergic-iOSUITests.xctest */,
			);
			name = Products;
			sourceTree = "<group>";
		};
/* End PBXGroup section */

/* Begin PBXNativeTarget section */
		1EBFE0D92DC0045300B2FE0C /* Ellergic-iOS */ = {
			isa = PBXNativeTarget;
			buildConfigurationList = 1EBFE0FB2DC0045500B2FE0C /* Build configuration list for PBXNativeTarget "Ellergic-iOS" */;
			buildPhases = (
				1EBFE0D62DC0045300B2FE0C /* Sources */,
				1EBFE0D72DC0045300B2FE0C /* Frameworks */,
				1EBFE0D82DC0045300B2FE0C /* Resources */,
			);
			buildRules = (
			);
			dependencies = (
			);
			fileSystemSynchronizedGroups = (
				1EBFE0DC2DC0045300B2FE0C /* Ellergic-iOS */,
			);
			name = "Ellergic-iOS";
			packageProductDependencies = (
			);
			productName = "Ellergic-iOS";
			productReference = 1EBFE0DA2DC0045300B2FE0C /* Ellergic-iOS.app */;
			productType = "com.apple.product-type.application";
		};
		1EBFE0E62DC0045500B2FE0C /* Ellergic-iOSTests */ = {
			isa = PBXNativeTarget;
			buildConfigurationList = 1EBFE0FE2DC0045500B2FE0C /* Build configuration list for PBXNativeTarget "Ellergic-iOSTests" */;
			buildPhases = (
				1EBFE0E32DC0045500B2FE0C /* Sources */,
				1EBFE0E42DC0045500B2FE0C /* Frameworks */,
				1EBFE0E52DC0045500B2FE0C /* Resources */,
			);
			buildRules = (
			);
			dependencies = (
				1EBFE0E92DC0045500B2FE0C /* PBXTargetDependency */,
			);
			fileSystemSynchronizedGroups = (
				1EBFE0EA2DC0045500B2FE0C /* Ellergic-iOSTests */,
			);
			name = "Ellergic-iOSTests";
			packageProductDependencies = (
			);
			productName = "Ellergic-iOSTests";
			productReference = 1EBFE0E72DC0045500B2FE0C /* Ellergic-iOSTests.xctest */;
			productType = "com.apple.product-type.bundle.unit-test";
		};
		1EBFE0F02DC0045500B2FE0C /* Ellergic-iOSUITests */ = {
			isa = PBXNativeTarget;
			buildConfigurationList = 1EBFE1012DC0045500B2FE0C /* Build configuration list for PBXNativeTarget "Ellergic-iOSUITests" */;
			buildPhases = (
				1EBFE0ED2DC0045500B2FE0C /* Sources */,
				1EBFE0EE2DC0045500B2FE0C /* Frameworks */,
				1EBFE0EF2DC0045500B2FE0C /* Resources */,
			);
			buildRules = (
			);
			dependencies = (
				1EBFE0F32DC0045500B2FE0C /* PBXTargetDependency */,
			);
			fileSystemSynchronizedGroups = (
				1EBFE0F42DC0045500B2FE0C /* Ellergic-iOSUITests */,
			);
			name = "Ellergic-iOSUITests";
			packageProductDependencies = (
			);
			productName = "Ellergic-iOSUITests";
			productReference = 1EBFE0F12DC0045500B2FE0C /* Ellergic-iOSUITests.xctest */;
			productType = "com.apple.product-type.bundle.ui-testing";
		};
/* End PBXNativeTarget section */

/* Begin PBXProject section */
		1EBFE0D22DC0045300B2FE0C /* Project object */ = {
			isa = PBXProject;
			attributes = {
				BuildIndependentTargetsInParallel = 1;
				LastSwiftUpdateCheck = 1630;
				LastUpgradeCheck = 1630;
				TargetAttributes = {
					1EBFE0D92DC0045300B2FE0C = {
						CreatedOnToolsVersion = 16.3;
					};
					1EBFE0E62DC0045500B2FE0C = {
						CreatedOnToolsVersion = 16.3;
						TestTargetID = 1EBFE0D92DC0045300B2FE0C;
					};
					1EBFE0F02DC0045500B2FE0C = {
						CreatedOnToolsVersion = 16.3;
						TestTargetID = 1EBFE0D92DC0045300B2FE0C;
					};
				};
			};
			buildConfigurationList = 1EBFE0D52DC0045300B2FE0C /* Build configuration list for PBXProject "Ellergic-iOS" */;
			developmentRegion = en;
			hasScannedForEncodings = 0;
			knownRegions = (
				en,
				Base,
			);
			mainGroup = 1EBFE0D12DC0045300B2FE0C;
			minimizedProjectReferenceProxies = 1;
			preferredProjectObjectVersion = 77;
			productRefGroup = 1EBFE0DB2DC0045300B2FE0C /* Products */;
			projectDirPath = "";
			projectRoot = "";
			targets = (
				1EBFE0D92DC0045300B2FE0C /* Ellergic-iOS */,
				1EBFE0E62DC0045500B2FE0C /* Ellergic-iOSTests */,
				1EBFE0F02DC0045500B2FE0C /* Ellergic-iOSUITests */,
			);
		};
/* End PBXProject section */

/* Begin PBXResourcesBuildPhase section */
		1EBFE0D82DC0045300B2FE0C /* Resources */ = {
			isa = PBXResourcesBuildPhase;
			buildActionMask = 2147483647;
			files = (
			);
			runOnlyForDeploymentPostprocessing = 0;
		};
		1EBFE0E52DC0045500B2FE0C /* Resources */ = {
			isa = PBXResourcesBuildPhase;
			buildActionMask = 2147483647;
			files = (
			);
			runOnlyForDeploymentPostprocessing = 0;
		};
		1EBFE0EF2DC0045500B2FE0C /* Resources */ = {
			isa = PBXResourcesBuildPhase;
			buildActionMask = 2147483647;
			files = (
			);
			runOnlyForDeploymentPostprocessing = 0;
		};
/* End PBXResourcesBuildPhase section */

/* Begin PBXSourcesBuildPhase section */
		1EBFE0D62DC0045300B2FE0C /* Sources */ = {
			isa = PBXSourcesBuildPhase;
			buildActionMask = 2147483647;
			files = (
			);
			runOnlyForDeploymentPostprocessing = 0;
		};
		1EBFE0E32DC0045500B2FE0C /* Sources */ = {
			isa = PBXSourcesBuildPhase;
			buildActionMask = 2147483647;
			files = (
			);
			runOnlyForDeploymentPostprocessing = 0;
		};
		1EBFE0ED2DC0045500B2FE0C /* Sources */ = {
			isa = PBXSourcesBuildPhase;
			buildActionMask = 2147483647;
			files = (
			);
			runOnlyForDeploymentPostprocessing = 0;
		};
/* End PBXSourcesBuildPhase section */

/* Begin PBXTargetDependency section */
		1EBFE0E92DC0045500B2FE0C /* PBXTargetDependency */ = {
			isa = PBXTargetDependency;
			target = 1EBFE0D92DC0045300B2FE0C /* Ellergic-iOS */;
			targetProxy = 1EBFE0E82DC0045500B2FE0C /* PBXContainerItemProxy */;
		};
		1EBFE0F32DC0045500B2FE0C /* PBXTargetDependency */ = {
			isa = PBXTargetDependency;
			target = 1EBFE0D92DC0045300B2FE0C /* Ellergic-iOS */;
			targetProxy = 1EBFE0F22DC0045500B2FE0C /* PBXContainerItemProxy */;
		};
/* End PBXTargetDependency section */

/* Begin XCBuildConfiguration section */
		1EBFE0F92DC0045500B2FE0C /* Debug */ = {
			isa = XCBuildConfiguration;
			baseConfigurationReferenceAnchor = 1EBFE0DC2DC0045300B2FE0C /* Ellergic-iOS */;
			baseConfigurationReferenceRelativePath = Secrets.xcconfig;
			buildSettings = {
				ALWAYS_SEARCH_USER_PATHS = NO;
				ASSETCATALOG_COMPILER_GENERATE_SWIFT_ASSET_SYMBOL_EXTENSIONS = YES;
				CLANG_ANALYZER_NONNULL = YES;
				CLANG_ANALYZER_NUMBER_OBJECT_CONVERSION = YES_AGGRESSIVE;
				CLANG_CXX_LANGUAGE_STANDARD = "gnu++20";
				CLANG_ENABLE_MODULES = YES;
				CLANG_ENABLE_OBJC_ARC = YES;
				CLANG_ENABLE_OBJC_WEAK = YES;
				CLANG_WARN_BLOCK_CAPTURE_AUTORELEASING = YES;
				CLANG_WARN_BOOL_CONVERSION = YES;
				CLANG_WARN_COMMA = YES;
				CLANG_WARN_CONSTANT_CONVERSION = YES;
				CLANG_WARN_DEPRECATED_OBJC_IMPLEMENTATIONS = YES;
				CLANG_WARN_DIRECT_OBJC_ISA_USAGE = YES_ERROR;
				CLANG_WARN_DOCUMENTATION_COMMENTS = YES;
				CLANG_WARN_EMPTY_BODY = YES;
				CLANG_WARN_ENUM_CONVERSION = YES;
				CLANG_WARN_INFINITE_RECURSION = YES;
				CLANG_WARN_INT_CONVERSION = YES;
				CLANG_WARN_NON_LITERAL_NULL_CONVERSION = YES;
				CLANG_WARN_OBJC_IMPLICIT_RETAIN_SELF = YES;
				CLANG_WARN_OBJC_LITERAL_CONVERSION = YES;
				CLANG_WARN_OBJC_ROOT_CLASS = YES_ERROR;
				CLANG_WARN_QUOTED_INCLUDE_IN_FRAMEWORK_HEADER = YES;
				CLANG_WARN_RANGE_LOOP_ANALYSIS = YES;
				CLANG_WARN_STRICT_PROTOTYPES = YES;
				CLANG_WARN_SUSPICIOUS_MOVE = YES;
				CLANG_WARN_UNGUARDED_AVAILABILITY = YES_AGGRESSIVE;
				CLANG_WARN_UNREACHABLE_CODE = YES;
				CLANG_WARN__DUPLICATE_METHOD_MATCH = YES;
				COPY_PHASE_STRIP = NO;
				DEBUG_INFORMATION_FORMAT = dwarf;
				DEVELOPMENT_TEAM = F96TJRTX3X;
				ENABLE_STRICT_OBJC_MSGSEND = YES;
				ENABLE_TESTABILITY = YES;
				ENABLE_USER_SCRIPT_SANDBOXING = YES;
				GCC_C_LANGUAGE_STANDARD = gnu17;
				GCC_DYNAMIC_NO_PIC = NO;
				GCC_NO_COMMON_BLOCKS = YES;
				GCC_OPTIMIZATION_LEVEL = 0;
				GCC_PREPROCESSOR_DEFINITIONS = (
					"DEBUG=1",
					"$(inherited)",
				);
				GCC_WARN_64_TO_32_BIT_CONVERSION = YES;
				GCC_WARN_ABOUT_RETURN_TYPE = YES_ERROR;
				GCC_WARN_UNDECLARED_SELECTOR = YES;
				GCC_WARN_UNINITIALIZED_AUTOS = YES_AGGRESSIVE;
				GCC_WARN_UNUSED_FUNCTION = YES;
				GCC_WARN_UNUSED_VARIABLE = YES;
				IPHONEOS_DEPLOYMENT_TARGET = 18.4;
				LOCALIZATION_PREFERS_STRING_CATALOGS = YES;
				MTL_ENABLE_DEBUG_INFO = INCLUDE_SOURCE;
				MTL_FAST_MATH = YES;
				ONLY_ACTIVE_ARCH = YES;
				SDKROOT = iphoneos;
				SWIFT_ACTIVE_COMPILATION_CONDITIONS = "DEBUG $(inherited)";
				SWIFT_OPTIMIZATION_LEVEL = "-Onone";
			};
			name = Debug;
		};
		1EBFE0FA2DC0045500B2FE0C /* Release */ = {
			isa = XCBuildConfiguration;
			baseConfigurationReferenceAnchor = 1EBFE0DC2DC0045300B2FE0C /* Ellergic-iOS */;
			baseConfigurationReferenceRelativePath = Secrets.xcconfig;
			buildSettings = {
				ALWAYS_SEARCH_USER_PATHS = NO;
				ASSETCATALOG_COMPILER_GENERATE_SWIFT_ASSET_SYMBOL_EXTENSIONS = YES;
				CLANG_ANALYZER_NONNULL = YES;
				CLANG_ANALYZER_NUMBER_OBJECT_CONVERSION = YES_AGGRESSIVE;
				CLANG_CXX_LANGUAGE_STANDARD = "gnu++20";
				CLANG_ENABLE_MODULES = YES;
				CLANG_ENABLE_OBJC_ARC = YES;
				CLANG_ENABLE_OBJC_WEAK = YES;
				CLANG_WARN_BLOCK_CAPTURE_AUTORELEASING = YES;
				CLANG_WARN_BOOL_CONVERSION = YES;
				CLANG_WARN_COMMA = YES;
				CLANG_WARN_CONSTANT_CONVERSION = YES;
				CLANG_WARN_DEPRECATED_OBJC_IMPLEMENTATIONS = YES;
				CLANG_WARN_DIRECT_OBJC_ISA_USAGE = YES_ERROR;
				CLANG_WARN_DOCUMENTATION_COMMENTS = YES;
				CLANG_WARN_EMPTY_BODY = YES;
				CLANG_WARN_ENUM_CONVERSION = YES;
				CLANG_WARN_INFINITE_RECURSION = YES;
				CLANG_WARN_INT_CONVERSION = YES;
				CLANG_WARN_NON_LITERAL_NULL_CONVERSION = YES;
				CLANG_WARN_OBJC_IMPLICIT_RETAIN_SELF = YES;
				CLANG_WARN_OBJC_LITERAL_CONVERSION = YES;
				CLANG_WARN_OBJC_ROOT_CLASS = YES_ERROR;
				CLANG_WARN_QUOTED_INCLUDE_IN_FRAMEWORK_HEADER = YES;
				CLANG_WARN_RANGE_LOOP_ANALYSIS = YES;
				CLANG_WARN_STRICT_PROTOTYPES = YES;
				CLANG_WARN_SUSPICIOUS_MOVE = YES;
				CLANG_WARN_UNGUARDED_AVAILABILITY = YES_AGGRESSIVE;
				CLANG_WARN_UNREACHABLE_CODE = YES;
				CLANG_WARN__DUPLICATE_METHOD_MATCH = YES;
				COPY_PHASE_STRIP = NO;
				DEBUG_INFORMATION_FORMAT = "dwarf-with-dsym";
				DEVELOPMENT_TEAM = F96TJRTX3X;
				ENABLE_NS_ASSERTIONS = NO;
				ENABLE_STRICT_OBJC_MSGSEND = YES;
				ENABLE_USER_SCRIPT_SANDBOXING = YES;
				GCC_C_LANGUAGE_STANDARD = gnu17;
				GCC_NO_COMMON_BLOCKS = YES;
				GCC_WARN_64_TO_32_BIT_CONVERSION = YES;
				GCC_WARN_ABOUT_RETURN_TYPE = YES_ERROR;
				GCC_WARN_UNDECLARED_SELECTOR = YES;
				GCC_WARN_UNINITIALIZED_AUTOS = YES_AGGRESSIVE;
				GCC_WARN_UNUSED_FUNCTION = YES;
				GCC_WARN_UNUSED_VARIABLE = YES;
				IPHONEOS_DEPLOYMENT_TARGET = 18.4;
				LOCALIZATION_PREFERS_STRING_CATALOGS = YES;
				MTL_ENABLE_DEBUG_INFO = NO;
				MTL_FAST_MATH = YES;
				SDKROOT = iphoneos;
				SWIFT_COMPILATION_MODE = wholemodule;
				VALIDATE_PRODUCT = YES;
			};
			name = Release;
		};
		1EBFE0FC2DC0045500B2FE0C /* Debug */ = {
			isa = XCBuildConfiguration;
			baseConfigurationReferenceAnchor = 1EBFE0DC2DC0045300B2FE0C /* Ellergic-iOS */;
			baseConfigurationReferenceRelativePath = Secrets.xcconfig;
			buildSettings = {
				ASSETCATALOG_COMPILER_APPICON_NAME = AppIcon;
				ASSETCATALOG_COMPILER_GLOBAL_ACCENT_COLOR_NAME = AccentColor;
				CODE_SIGN_STYLE = Automatic;
				CURRENT_PROJECT_VERSION = 1;
				DEVELOPMENT_TEAM = F96TJRTX3X;
				ENABLE_PREVIEWS = YES;
				GENERATE_INFOPLIST_FILE = YES;
				INFOPLIST_FILE = "Ellergic-iOS/Info.plist";
				INFOPLIST_KEY_UIApplicationSceneManifest_Generation = YES;
				INFOPLIST_KEY_UIApplicationSupportsIndirectInputEvents = YES;
				INFOPLIST_KEY_UILaunchScreen_Generation = YES;
				INFOPLIST_KEY_UISupportedInterfaceOrientations_iPad = "UIInterfaceOrientationPortrait UIInterfaceOrientationPortraitUpsideDown UIInterfaceOrientationLandscapeLeft UIInterfaceOrientationLandscapeRight";
				INFOPLIST_KEY_UISupportedInterfaceOrientations_iPhone = "UIInterfaceOrientationPortrait UIInterfaceOrientationLandscapeLeft UIInterfaceOrientationLandscapeRight";
				LD_RUNPATH_SEARCH_PATHS = (
					"$(inherited)",
					"@executable_path/Frameworks",
				);
				MARKETING_VERSION = 1.0;
				PRODUCT_BUNDLE_IDENTIFIER = "derek-howes.Ellergic-iOS";
				PRODUCT_NAME = "$(TARGET_NAME)";
				SWIFT_EMIT_LOC_STRINGS = YES;
				SWIFT_VERSION = 5.0;
				TARGETED_DEVICE_FAMILY = "1,2";
			};
			name = Debug;
		};
		1EBFE0FD2DC0045500B2FE0C /* Release */ = {
			isa = XCBuildConfiguration;
			baseConfigurationReferenceAnchor = 1EBFE0DC2DC0045300B2FE0C /* Ellergic-iOS */;
			baseConfigurationReferenceRelativePath = Secrets.xcconfig;
			buildSettings = {
				ASSETCATALOG_COMPILER_APPICON_NAME = AppIcon;
				ASSETCATALOG_COMPILER_GLOBAL_ACCENT_COLOR_NAME = AccentColor;
				CODE_SIGN_STYLE = Automatic;
				CURRENT_PROJECT_VERSION = 1;
				DEVELOPMENT_TEAM = F96TJRTX3X;
				ENABLE_PREVIEWS = YES;
				GENERATE_INFOPLIST_FILE = YES;
				INFOPLIST_FILE = "Ellergic-iOS/Info.plist";
				INFOPLIST_KEY_UIApplicationSceneManifest_Generation = YES;
				INFOPLIST_KEY_UIApplicationSupportsIndirectInputEvents = YES;
				INFOPLIST_KEY_UILaunchScreen_Generation = YES;
				INFOPLIST_KEY_UISupportedInterfaceOrientations_iPad = "UIInterfaceOrientationPortrait UIInterfaceOrientationPortraitUpsideDown UIInterfaceOrientationLandscapeLeft UIInterfaceOrientationLandscapeRight";
				INFOPLIST_KEY_UISupportedInterfaceOrientations_iPhone = "UIInterfaceOrientationPortrait UIInterfaceOrientationLandscapeLeft UIInterfaceOrientationLandscapeRight";
				LD_RUNPATH_SEARCH_PATHS = (
					"$(inherited)",
					"@executable_path/Frameworks",
				);
				MARKETING_VERSION = 1.0;
				PRODUCT_BUNDLE_IDENTIFIER = "derek-howes.Ellergic-iOS";
				PRODUCT_NAME = "$(TARGET_NAME)";
				SWIFT_EMIT_LOC_STRINGS = YES;
				SWIFT_VERSION = 5.0;
				TARGETED_DEVICE_FAMILY = "1,2";
			};
			name = Release;
		};
		1EBFE0FF2DC0045500B2FE0C /* Debug */ = {
			isa = XCBuildConfiguration;
			buildSettings = {
				BUNDLE_LOADER = "$(TEST_HOST)";
				CODE_SIGN_STYLE = Automatic;
				CURRENT_PROJECT_VERSION = 1;
				DEVELOPMENT_TEAM = F96TJRTX3X;
				GENERATE_INFOPLIST_FILE = YES;
				IPHONEOS_DEPLOYMENT_TARGET = 18.4;
				MARKETING_VERSION = 1.0;
				PRODUCT_BUNDLE_IDENTIFIER = "derek-howes.Ellergic-iOSTests";
				PRODUCT_NAME = "$(TARGET_NAME)";
				SWIFT_EMIT_LOC_STRINGS = NO;
				SWIFT_VERSION = 5.0;
				TARGETED_DEVICE_FAMILY = "1,2";
				TEST_HOST = "$(BUILT_PRODUCTS_DIR)/Ellergic-iOS.app/$(BUNDLE_EXECUTABLE_FOLDER_PATH)/Ellergic-iOS";
			};
			name = Debug;
		};
		1EBFE1002DC0045500B2FE0C /* Release */ = {
			isa = XCBuildConfiguration;
			buildSettings = {
				BUNDLE_LOADER = "$(TEST_HOST)";
				CODE_SIGN_STYLE = Automatic;
				CURRENT_PROJECT_VERSION = 1;
				DEVELOPMENT_TEAM = F96TJRTX3X;
				GENERATE_INFOPLIST_FILE = YES;
				IPHONEOS_DEPLOYMENT_TARGET = 18.4;
				MARKETING_VERSION = 1.0;
				PRODUCT_BUNDLE_IDENTIFIER = "derek-howes.Ellergic-iOSTests";
				PRODUCT_NAME = "$(TARGET_NAME)";
				SWIFT_EMIT_LOC_STRINGS = NO;
				SWIFT_VERSION = 5.0;
				TARGETED_DEVICE_FAMILY = "1,2";
				TEST_HOST = "$(BUILT_PRODUCTS_DIR)/Ellergic-iOS.app/$(BUNDLE_EXECUTABLE_FOLDER_PATH)/Ellergic-iOS";
			};
			name = Release;
		};
		1EBFE1022DC0045500B2FE0C /* Debug */ = {
			isa = XCBuildConfiguration;
			buildSettings = {
				CODE_SIGN_STYLE = Automatic;
				CURRENT_PROJECT_VERSION = 1;
				DEVELOPMENT_TEAM = F96TJRTX3X;
				GENERATE_INFOPLIST_FILE = YES;
				MARKETING_VERSION = 1.0;
				PRODUCT_BUNDLE_IDENTIFIER = "derek-howes.Ellergic-iOSUITests";
				PRODUCT_NAME = "$(TARGET_NAME)";
				SWIFT_EMIT_LOC_STRINGS = NO;
				SWIFT_VERSION = 5.0;
				TARGETED_DEVICE_FAMILY = "1,2";
				TEST_TARGET_NAME = "Ellergic-iOS";
			};
			name = Debug;
		};
		1EBFE1032DC0045500B2FE0C /* Release */ = {
			isa = XCBuildConfiguration;
			buildSettings = {
				CODE_SIGN_STYLE = Automatic;
				CURRENT_PROJECT_VERSION = 1;
				DEVELOPMENT_TEAM = F96TJRTX3X;
				GENERATE_INFOPLIST_FILE = YES;
				MARKETING_VERSION = 1.0;
				PRODUCT_BUNDLE_IDENTIFIER = "derek-howes.Ellergic-iOSUITests";
				PRODUCT_NAME = "$(TARGET_NAME)";
				SWIFT_EMIT_LOC_STRINGS = NO;
				SWIFT_VERSION = 5.0;
				TARGETED_DEVICE_FAMILY = "1,2";
				TEST_TARGET_NAME = "Ellergic-iOS";
			};
			name = Release;
		};
/* End XCBuildConfiguration section */

/* Begin XCConfigurationList section */
		1EBFE0D52DC0045300B2FE0C /* Build configuration list for PBXProject "Ellergic-iOS" */ = {
			isa = XCConfigurationList;
			buildConfigurations = (
				1EBFE0F92DC0045500B2FE0C /* Debug */,
				1EBFE0FA2DC0045500B2FE0C /* Release */,
			);
			defaultConfigurationIsVisible = 0;
			defaultConfigurationName = Release;
		};
		1EBFE0FB2DC0045500B2FE0C /* Build configuration list for PBXNativeTarget "Ellergic-iOS" */ = {
			isa = XCConfigurationList;
			buildConfigurations = (
				1EBFE0FC2DC0045500B2FE0C /* Debug */,
				1EBFE0FD2DC0045500B2FE0C /* Release */,
			);
			defaultConfigurationIsVisible = 0;
			defaultConfigurationName = Release;
		};
		1EBFE0FE2DC0045500B2FE0C /* Build configuration list for PBXNativeTarget "Ellergic-iOSTests" */ = {
			isa = XCConfigurationList;
			buildConfigurations = (
				1EBFE0FF2DC0045500B2FE0C /* Debug */,
				1EBFE1002DC0045500B2FE0C /* Release */,
			);
			defaultConfigurationIsVisible = 0;
			defaultConfigurationName = Release;
		};
		1EBFE1012DC0045500B2FE0C /* Build configuration list for PBXNativeTarget "Ellergic-iOSUITests" */ = {
			isa = XCConfigurationList;
			buildConfigurations = (
				1EBFE1022DC0045500B2FE0C /* Debug */,
				1EBFE1032DC0045500B2FE0C /* Release */,
			);
			defaultConfigurationIsVisible = 0;
			defaultConfigurationName = Release;
		};
/* End XCConfigurationList section */
	};
	rootObject = 1EBFE0D22DC0045300B2FE0C /* Project object */;
}
